
Microsoft Visual Studio Solution File, Format Version 12.00
# Visual Studio 15
Project("{FAE04EC0-301F-11D3-BF4B-00C04F79EFBC}") = "Assembly-CSharp", "Assembly-CSharp.csproj", "{D4053B80-3220-DADD-AF6A-4298E661765B}"
EndProject
Global
	GlobalSection(SolutionConfigurationPlatforms) = preSolution
		Debug|Any CPU = Debug|Any CPU
		Release|Any CPU = Release|Any CPU
	EndGlobalSection
	GlobalSection(ProjectConfigurationPlatforms) = postSolution
		{D4053B80-3220-DADD-AF6A-4298E661765B}.Debug|Any CPU.ActiveCfg = Debug|Any CPU
		{D4053B80-3220-DADD-AF6A-4298E661765B}.Debug|Any CPU.Build.0 = Debug|Any CPU
		{D4053B80-3220-DADD-AF6A-4298E661765B}.Release|Any CPU.ActiveCfg = Release|Any CPU
		{D4053B80-3220-DADD-AF6A-4298E661765B}.Release|Any CPU.Build.0 = Release|Any CPU
	EndGlobalSection
	GlobalSection(SolutionProperties) = preSolution
		HideSolutionNode = FALSE
	EndGlobalSection
EndGlobal
